
Microsoft Visual Studio Solution File, Format Version 12.00
# Visual Studio Version 16
VisualStudioVersion = 16.0.30523.141
MinimumVisualStudioVersion = 10.0.40219.1
Project("{FAE04EC0-301F-11D3-BF4B-00C04F79EFBC}") = "MySecondCSApp_winformsUI", "MySecondCSApp_winformsUI\MySecondCSApp_winformsUI.csproj", "{F6C05C58-6E02-4554-8DFF-32DDDDD24712}"
EndProject
Project("{FAE04EC0-301F-11D3-BF4B-00C04F79EFBC}") = "MySecondCSApp_02", "MySecondCSApp_02\MySecondCSApp_02.csproj", "{A07F1658-72E4-46C7-9E07-E9107F703C9B}"
EndProject
Project("{FAE04EC0-301F-11D3-BF4B-00C04F79EFBC}") = "MySecondCSApp_03", "MySecondCSApp_03\MySecondCSApp_03.csproj", "{804294DF-2398-49EE-A144-870CB53B9D6B}"
EndProject
Project("{FAE04EC0-301F-11D3-BF4B-00C04F79EFBC}") = "MySecondCSApp_04", "MySecondCSApp_04\MySecondCSApp_04.csproj", "{D92FBA17-BE5C-4D99-B1DD-EAB25094E509}"
EndProject
Project("{FAE04EC0-301F-11D3-BF4B-00C04F79EFBC}") = "MySecondCSApp_05", "MySecondCSApp_05\MySecondCSApp_05.csproj", "{A249FA5E-9858-4FEA-8744-7C20041F134D}"
EndProject
Project("{FAE04EC0-301F-11D3-BF4B-00C04F79EFBC}") = "MySecondCSApp_06", "MySecondCSApp_06\MySecondCSApp_06.csproj", "{2EBA57E5-F19B-4D47-BFB8-A28D692AEFC8}"
EndProject
Global
	GlobalSection(SolutionConfigurationPlatforms) = preSolution
		Debug|Any CPU = Debug|Any CPU
		Release|Any CPU = Release|Any CPU
	EndGlobalSection
	GlobalSection(ProjectConfigurationPlatforms) = postSolution
		{F6C05C58-6E02-4554-8DFF-32DDDDD24712}.Debug|Any CPU.ActiveCfg = Debug|Any CPU
		{F6C05C58-6E02-4554-8DFF-32DDDDD24712}.Debug|Any CPU.Build.0 = Debug|Any CPU
		{F6C05C58-6E02-4554-8DFF-32DDDDD24712}.Release|Any CPU.ActiveCfg = Release|Any CPU
		{F6C05C58-6E02-4554-8DFF-32DDDDD24712}.Release|Any CPU.Build.0 = Release|Any CPU
		{A07F1658-72E4-46C7-9E07-E9107F703C9B}.Debug|Any CPU.ActiveCfg = Debug|Any CPU
		{A07F1658-72E4-46C7-9E07-E9107F703C9B}.Debug|Any CPU.Build.0 = Debug|Any CPU
		{A07F1658-72E4-46C7-9E07-E9107F703C9B}.Release|Any CPU.ActiveCfg = Release|Any CPU
		{A07F1658-72E4-46C7-9E07-E9107F703C9B}.Release|Any CPU.Build.0 = Release|Any CPU
		{804294DF-2398-49EE-A144-870CB53B9D6B}.Debug|Any CPU.ActiveCfg = Debug|Any CPU
		{804294DF-2398-49EE-A144-870CB53B9D6B}.Debug|Any CPU.Build.0 = Debug|Any CPU
		{804294DF-2398-49EE-A144-870CB53B9D6B}.Release|Any CPU.ActiveCfg = Release|Any CPU
		{804294DF-2398-49EE-A144-870CB53B9D6B}.Release|Any CPU.Build.0 = Release|Any CPU
		{D92FBA17-BE5C-4D99-B1DD-EAB25094E509}.Debug|Any CPU.ActiveCfg = Debug|Any CPU
		{D92FBA17-BE5C-4D99-B1DD-EAB25094E509}.Debug|Any CPU.Build.0 = Debug|Any CPU
		{D92FBA17-BE5C-4D99-B1DD-EAB25094E509}.Release|Any CPU.ActiveCfg = Release|Any CPU
		{D92FBA17-BE5C-4D99-B1DD-EAB25094E509}.Release|Any CPU.Build.0 = Release|Any CPU
		{A249FA5E-9858-4FEA-8744-7C20041F134D}.Debug|Any CPU.ActiveCfg = Debug|Any CPU
		{A249FA5E-9858-4FEA-8744-7C20041F134D}.Debug|Any CPU.Build.0 = Debug|Any CPU
		{A249FA5E-9858-4FEA-8744-7C20041F134D}.Release|Any CPU.ActiveCfg = Release|Any CPU
		{A249FA5E-9858-4FEA-8744-7C20041F134D}.Release|Any CPU.Build.0 = Release|Any CPU
		{2EBA57E5-F19B-4D47-BFB8-A28D692AEFC8}.Debug|Any CPU.ActiveCfg = Debug|Any CPU
		{2EBA57E5-F19B-4D47-BFB8-A28D692AEFC8}.Debug|Any CPU.Build.0 = Debug|Any CPU
		{2EBA57E5-F19B-4D47-BFB8-A28D692AEFC8}.Release|Any CPU.ActiveCfg = Release|Any CPU
		{2EBA57E5-F19B-4D47-BFB8-A28D692AEFC8}.Release|Any CPU.Build.0 = Release|Any CPU
	EndGlobalSection
	GlobalSection(SolutionProperties) = preSolution
		HideSolutionNode = FALSE
	EndGlobalSection
	GlobalSection(ExtensibilityGlobals) = postSolution
		SolutionGuid = {E1525A17-A425-4119-8C6A-A4F3B1DB5B8E}
	EndGlobalSection
EndGlobal
